// !$*UTF8*$!
{
	archiveVersion = 1;
	classes = {
	};
	objectVersion = 50;
	objects = {

/* Begin PBXBuildFile section */
		D16B6D76244FFA8400EB2779 /* Date.cpp in Sources */ = {isa = PBXBuildFile; fileRef = D16B6D75244FFA8400EB2779 /* Date.cpp */; };
		D16B6D782450AA1300EB2779 /* Union.cpp in Sources */ = {isa = PBXBuildFile; fileRef = D16B6D772450AA1300EB2779 /* Union.cpp */; };
		D16B6D7A24555ACF00EB2779 /* ReturnAnObjectFromFunc.cpp in Sources */ = {isa = PBXBuildFile; fileRef = D16B6D7924555ACF00EB2779 /* ReturnAnObjectFromFunc.cpp */; };
		D16B6D7C2455932900EB2779 /* SecondPartOfReturnObj.cpp in Sources */ = {isa = PBXBuildFile; fileRef = D16B6D7B2455932900EB2779 /* SecondPartOfReturnObj.cpp */; };
		D16B6D7E24569D5400EB2779 /* OverrideBaseOperators.cpp in Sources */ = {isa = PBXBuildFile; fileRef = D16B6D7D24569D5400EB2779 /* OverrideBaseOperators.cpp */; };
		D1C54BCD244AEAB000ADDE88 /* main.cpp in Sources */ = {isa = PBXBuildFile; fileRef = D1C54BCC244AEAB000ADDE88 /* main.cpp */; };
		D1C54BD5244B38EE00ADDE88 /* BaseOfDataOfStaffShildtBook.cpp in Sources */ = {isa = PBXBuildFile; fileRef = D1C54BD3244B38EE00ADDE88 /* BaseOfDataOfStaffShildtBook.cpp */; };
		D1C54BD8244B992100ADDE88 /* Pointers.cpp in Sources */ = {isa = PBXBuildFile; fileRef = D1C54BD6244B992100ADDE88 /* Pointers.cpp */; };
		D1C54BDA244C9CA800ADDE88 /* Leksema.cpp in Sources */ = {isa = PBXBuildFile; fileRef = D1C54BD9244C9CA800ADDE88 /* Leksema.cpp */; };
		D1C54BDC244CF0B200ADDE88 /* Randomiser.cpp in Sources */ = {isa = PBXBuildFile; fileRef = D1C54BDB244CF0B200ADDE88 /* Randomiser.cpp */; };
		D1C54BDE244D6EE900ADDE88 /* Substr.cpp in Sources */ = {isa = PBXBuildFile; fileRef = D1C54BDD244D6EE900ADDE88 /* Substr.cpp */; };
		D1C54BE0244EABF600ADDE88 /* Constants.cpp in Sources */ = {isa = PBXBuildFile; fileRef = D1C54BDF244EABF600ADDE88 /* Constants.cpp */; };
		D1C54BE2244EBD4200ADDE88 /* RegisterSpec.cpp in Sources */ = {isa = PBXBuildFile; fileRef = D1C54BE1244EBD4200ADDE88 /* RegisterSpec.cpp */; };
/* End PBXBuildFile section */

/* Begin PBXCopyFilesBuildPhase section */
		D1C54BC7244AEAB000ADDE88 /* CopyFiles */ = {
			isa = PBXCopyFilesBuildPhase;
			buildActionMask = 2147483647;
			dstPath = /usr/share/man/man1/;
			dstSubfolderSpec = 0;
			files = (
			);
			runOnlyForDeploymentPostprocessing = 1;
		};
/* End PBXCopyFilesBuildPhase section */

/* Begin PBXFileReference section */
		D16B6D75244FFA8400EB2779 /* Date.cpp */ = {isa = PBXFileReference; lastKnownFileType = sourcecode.cpp.cpp; path = Date.cpp; sourceTree = "<group>"; };
		D16B6D772450AA1300EB2779 /* Union.cpp */ = {isa = PBXFileReference; lastKnownFileType = sourcecode.cpp.cpp; path = Union.cpp; sourceTree = "<group>"; };
		D16B6D7924555ACF00EB2779 /* ReturnAnObjectFromFunc.cpp */ = {isa = PBXFileReference; lastKnownFileType = sourcecode.cpp.cpp; path = ReturnAnObjectFromFunc.cpp; sourceTree = "<group>"; };
		D16B6D7B2455932900EB2779 /* SecondPartOfReturnObj.cpp */ = {isa = PBXFileReference; lastKnownFileType = sourcecode.cpp.cpp; path = SecondPartOfReturnObj.cpp; sourceTree = "<group>"; };
		D16B6D7D24569D5400EB2779 /* OverrideBaseOperators.cpp */ = {isa = PBXFileReference; lastKnownFileType = sourcecode.cpp.cpp; path = OverrideBaseOperators.cpp; sourceTree = "<group>"; };
		D1C54BC9244AEAB000ADDE88 /* ShildtBook */ = {isa = PBXFileReference; explicitFileType = "compiled.mach-o.executable"; includeInIndex = 0; path = ShildtBook; sourceTree = BUILT_PRODUCTS_DIR; };
		D1C54BCC244AEAB000ADDE88 /* main.cpp */ = {isa = PBXFileReference; lastKnownFileType = sourcecode.cpp.cpp; path = main.cpp; sourceTree = "<group>"; };
		D1C54BD3244B38EE00ADDE88 /* BaseOfDataOfStaffShildtBook.cpp */ = {isa = PBXFileReference; lastKnownFileType = sourcecode.cpp.cpp; path = BaseOfDataOfStaffShildtBook.cpp; sourceTree = "<group>"; };
		D1C54BD6244B992100ADDE88 /* Pointers.cpp */ = {isa = PBXFileReference; lastKnownFileType = sourcecode.cpp.cpp; path = Pointers.cpp; sourceTree = "<group>"; };
		D1C54BD9244C9CA800ADDE88 /* Leksema.cpp */ = {isa = PBXFileReference; lastKnownFileType = sourcecode.cpp.cpp; path = Leksema.cpp; sourceTree = "<group>"; };
		D1C54BDB244CF0B200ADDE88 /* Randomiser.cpp */ = {isa = PBXFileReference; lastKnownFileType = sourcecode.cpp.cpp; path = Randomiser.cpp; sourceTree = "<group>"; };
		D1C54BDD244D6EE900ADDE88 /* Substr.cpp */ = {isa = PBXFileReference; lastKnownFileType = sourcecode.cpp.cpp; path = Substr.cpp; sourceTree = "<group>"; };
		D1C54BDF244EABF600ADDE88 /* Constants.cpp */ = {isa = PBXFileReference; lastKnownFileType = sourcecode.cpp.cpp; path = Constants.cpp; sourceTree = "<group>"; };
		D1C54BE1244EBD4200ADDE88 /* RegisterSpec.cpp */ = {isa = PBXFileReference; lastKnownFileType = sourcecode.cpp.cpp; path = RegisterSpec.cpp; sourceTree = "<group>"; };
/* End PBXFileReference section */

/* Begin PBXFrameworksBuildPhase section */
		D1C54BC6244AEAB000ADDE88 /* Frameworks */ = {
			isa = PBXFrameworksBuildPhase;
			buildActionMask = 2147483647;
			files = (
			);
			runOnlyForDeploymentPostprocessing = 0;
		};
/* End PBXFrameworksBuildPhase section */

/* Begin PBXGroup section */
		D1C54BC0244AEAB000ADDE88 = {
			isa = PBXGroup;
			children = (
				D1C54BCB244AEAB000ADDE88 /* ShildtBook */,
				D1C54BCA244AEAB000ADDE88 /* Products */,
			);
			sourceTree = "<group>";
		};
		D1C54BCA244AEAB000ADDE88 /* Products */ = {
			isa = PBXGroup;
			children = (
				D1C54BC9244AEAB000ADDE88 /* ShildtBook */,
			);
			name = Products;
			sourceTree = "<group>";
		};
		D1C54BCB244AEAB000ADDE88 /* ShildtBook */ = {
			isa = PBXGroup;
			children = (
				D1C54BCC244AEAB000ADDE88 /* main.cpp */,
				D1C54BD3244B38EE00ADDE88 /* BaseOfDataOfStaffShildtBook.cpp */,
				D1C54BD6244B992100ADDE88 /* Pointers.cpp */,
				D1C54BD9244C9CA800ADDE88 /* Leksema.cpp */,
				D1C54BDB244CF0B200ADDE88 /* Randomiser.cpp */,
				D1C54BDD244D6EE900ADDE88 /* Substr.cpp */,
				D1C54BDF244EABF600ADDE88 /* Constants.cpp */,
				D1C54BE1244EBD4200ADDE88 /* RegisterSpec.cpp */,
				D16B6D75244FFA8400EB2779 /* Date.cpp */,
				D16B6D772450AA1300EB2779 /* Union.cpp */,
				D16B6D7924555ACF00EB2779 /* ReturnAnObjectFromFunc.cpp */,
				D16B6D7B2455932900EB2779 /* SecondPartOfReturnObj.cpp */,
				D16B6D7D24569D5400EB2779 /* OverrideBaseOperators.cpp */,
			);
			path = ShildtBook;
			sourceTree = "<group>";
		};
/* End PBXGroup section */

/* Begin PBXNativeTarget section */
		D1C54BC8244AEAB000ADDE88 /* ShildtBook */ = {
			isa = PBXNativeTarget;
			buildConfigurationList = D1C54BD0244AEAB000ADDE88 /* Build configuration list for PBXNativeTarget "ShildtBook" */;
			buildPhases = (
				D1C54BC5244AEAB000ADDE88 /* Sources */,
				D1C54BC6244AEAB000ADDE88 /* Frameworks */,
				D1C54BC7244AEAB000ADDE88 /* CopyFiles */,
			);
			buildRules = (
			);
			dependencies = (
			);
			name = ShildtBook;
			productName = ShildtBook;
			productReference = D1C54BC9244AEAB000ADDE88 /* ShildtBook */;
			productType = "com.apple.product-type.tool";
		};
/* End PBXNativeTarget section */

/* Begin PBXProject section */
		D1C54BC1244AEAB000ADDE88 /* Project object */ = {
			isa = PBXProject;
			attributes = {
				LastUpgradeCheck = 1130;
				ORGANIZATIONNAME = gelserkirchen;
				TargetAttributes = {
					D1C54BC8244AEAB000ADDE88 = {
						CreatedOnToolsVersion = 11.3.1;
					};
				};
			};
			buildConfigurationList = D1C54BC4244AEAB000ADDE88 /* Build configuration list for PBXProject "ShildtBook" */;
			compatibilityVersion = "Xcode 9.3";
			developmentRegion = en;
			hasScannedForEncodings = 0;
			knownRegions = (
				en,
				Base,
			);
			mainGroup = D1C54BC0244AEAB000ADDE88;
			productRefGroup = D1C54BCA244AEAB000ADDE88 /* Products */;
			projectDirPath = "";
			projectRoot = "";
			targets = (
				D1C54BC8244AEAB000ADDE88 /* ShildtBook */,
			);
		};
/* End PBXProject section */

/* Begin PBXSourcesBuildPhase section */
		D1C54BC5244AEAB000ADDE88 /* Sources */ = {
			isa = PBXSourcesBuildPhase;
			buildActionMask = 2147483647;
			files = (
				D16B6D7A24555ACF00EB2779 /* ReturnAnObjectFromFunc.cpp in Sources */,
				D16B6D76244FFA8400EB2779 /* Date.cpp in Sources */,
				D1C54BD5244B38EE00ADDE88 /* BaseOfDataOfStaffShildtBook.cpp in Sources */,
				D1C54BE2244EBD4200ADDE88 /* RegisterSpec.cpp in Sources */,
				D16B6D782450AA1300EB2779 /* Union.cpp in Sources */,
				D1C54BE0244EABF600ADDE88 /* Constants.cpp in Sources */,
				D1C54BDC244CF0B200ADDE88 /* Randomiser.cpp in Sources */,
				D1C54BD8244B992100ADDE88 /* Pointers.cpp in Sources */,
				D1C54BDA244C9CA800ADDE88 /* Leksema.cpp in Sources */,
				D16B6D7E24569D5400EB2779 /* OverrideBaseOperators.cpp in Sources */,
				D16B6D7C2455932900EB2779 /* SecondPartOfReturnObj.cpp in Sources */,
				D1C54BDE244D6EE900ADDE88 /* Substr.cpp in Sources */,
				D1C54BCD244AEAB000ADDE88 /* main.cpp in Sources */,
			);
			runOnlyForDeploymentPostprocessing = 0;
		};
/* End PBXSourcesBuildPhase section */

/* Begin XCBuildConfiguration section */
		D1C54BCE244AEAB000ADDE88 /* Debug */ = {
			isa = XCBuildConfiguration;
			buildSettings = {
				ALWAYS_SEARCH_USER_PATHS = NO;
				CLANG_ANALYZER_NONNULL = YES;
				CLANG_ANALYZER_NUMBER_OBJECT_CONVERSION = YES_AGGRESSIVE;
				CLANG_CXX_LANGUAGE_STANDARD = "gnu++14";
				CLANG_CXX_LIBRARY = "libc++";
				CLANG_ENABLE_MODULES = YES;
				CLANG_ENABLE_OBJC_ARC = YES;
				CLANG_ENABLE_OBJC_WEAK = YES;
				CLANG_WARN_BLOCK_CAPTURE_AUTORELEASING = YES;
				CLANG_WARN_BOOL_CONVERSION = YES;
				CLANG_WARN_COMMA = YES;
				CLANG_WARN_CONSTANT_CONVERSION = YES;
				CLANG_WARN_DEPRECATED_OBJC_IMPLEMENTATIONS = YES;
				CLANG_WARN_DIRECT_OBJC_ISA_USAGE = YES_ERROR;
				CLANG_WARN_DOCUMENTATION_COMMENTS = YES;
				CLANG_WARN_EMPTY_BODY = YES;
				CLANG_WARN_ENUM_CONVERSION = YES;
				CLANG_WARN_INFINITE_RECURSION = YES;
				CLANG_WARN_INT_CONVERSION = YES;
				CLANG_WARN_NON_LITERAL_NULL_CONVERSION = YES;
				CLANG_WARN_OBJC_IMPLICIT_RETAIN_SELF = YES;
				CLANG_WARN_OBJC_LITERAL_CONVERSION = YES;
				CLANG_WARN_OBJC_ROOT_CLASS = YES_ERROR;
				CLANG_WARN_RANGE_LOOP_ANALYSIS = YES;
				CLANG_WARN_STRICT_PROTOTYPES = YES;
				CLANG_WARN_SUSPICIOUS_MOVE = YES;
				CLANG_WARN_UNGUARDED_AVAILABILITY = YES_AGGRESSIVE;
				CLANG_WARN_UNREACHABLE_CODE = YES;
				CLANG_WARN__DUPLICATE_METHOD_MATCH = YES;
				COPY_PHASE_STRIP = NO;
				DEBUG_INFORMATION_FORMAT = dwarf;
				ENABLE_STRICT_OBJC_MSGSEND = YES;
				ENABLE_TESTABILITY = YES;
				GCC_C_LANGUAGE_STANDARD = gnu11;
				GCC_DYNAMIC_NO_PIC = NO;
				GCC_NO_COMMON_BLOCKS = YES;
				GCC_OPTIMIZATION_LEVEL = 0;
				GCC_PREPROCESSOR_DEFINITIONS = (
					"DEBUG=1",
					"$(inherited)",
				);
				GCC_WARN_64_TO_32_BIT_CONVERSION = YES;
				GCC_WARN_ABOUT_RETURN_TYPE = YES_ERROR;
				GCC_WARN_UNDECLARED_SELECTOR = YES;
				GCC_WARN_UNINITIALIZED_AUTOS = YES_AGGRESSIVE;
				GCC_WARN_UNUSED_FUNCTION = YES;
				GCC_WARN_UNUSED_VARIABLE = YES;
				MACOSX_DEPLOYMENT_TARGET = 10.15;
				MTL_ENABLE_DEBUG_INFO = INCLUDE_SOURCE;
				MTL_FAST_MATH = YES;
				ONLY_ACTIVE_ARCH = YES;
				SDKROOT = macosx;
			};
			name = Debug;
		};
		D1C54BCF244AEAB000ADDE88 /* Release */ = {
			isa = XCBuildConfiguration;
			buildSettings = {
				ALWAYS_SEARCH_USER_PATHS = NO;
				CLANG_ANALYZER_NONNULL = YES;
				CLANG_ANALYZER_NUMBER_OBJECT_CONVERSION = YES_AGGRESSIVE;
				CLANG_CXX_LANGUAGE_STANDARD = "gnu++14";
				CLANG_CXX_LIBRARY = "libc++";
				CLANG_ENABLE_MODULES = YES;
				CLANG_ENABLE_OBJC_ARC = YES;
				CLANG_ENABLE_OBJC_WEAK = YES;
				CLANG_WARN_BLOCK_CAPTURE_AUTORELEASING = YES;
				CLANG_WARN_BOOL_CONVERSION = YES;
				CLANG_WARN_COMMA = YES;
				CLANG_WARN_CONSTANT_CONVERSION = YES;
				CLANG_WARN_DEPRECATED_OBJC_IMPLEMENTATIONS = YES;
				CLANG_WARN_DIRECT_OBJC_ISA_USAGE = YES_ERROR;
				CLANG_WARN_DOCUMENTATION_COMMENTS = YES;
				CLANG_WARN_EMPTY_BODY = YES;
				CLANG_WARN_ENUM_CONVERSION = YES;
				CLANG_WARN_INFINITE_RECURSION = YES;
				CLANG_WARN_INT_CONVERSION = YES;
				CLANG_WARN_NON_LITERAL_NULL_CONVERSION = YES;
				CLANG_WARN_OBJC_IMPLICIT_RETAIN_SELF = YES;
				CLANG_WARN_OBJC_LITERAL_CONVERSION = YES;
				CLANG_WARN_OBJC_ROOT_CLASS = YES_ERROR;
				CLANG_WARN_RANGE_LOOP_ANALYSIS = YES;
				CLANG_WARN_STRICT_PROTOTYPES = YES;
				CLANG_WARN_SUSPICIOUS_MOVE = YES;
				CLANG_WARN_UNGUARDED_AVAILABILITY = YES_AGGRESSIVE;
				CLANG_WARN_UNREACHABLE_CODE = YES;
				CLANG_WARN__DUPLICATE_METHOD_MATCH = YES;
				COPY_PHASE_STRIP = NO;
				DEBUG_INFORMATION_FORMAT = "dwarf-with-dsym";
				ENABLE_NS_ASSERTIONS = NO;
				ENABLE_STRICT_OBJC_MSGSEND = YES;
				GCC_C_LANGUAGE_STANDARD = gnu11;
				GCC_NO_COMMON_BLOCKS = YES;
				GCC_WARN_64_TO_32_BIT_CONVERSION = YES;
				GCC_WARN_ABOUT_RETURN_TYPE = YES_ERROR;
				GCC_WARN_UNDECLARED_SELECTOR = YES;
				GCC_WARN_UNINITIALIZED_AUTOS = YES_AGGRESSIVE;
				GCC_WARN_UNUSED_FUNCTION = YES;
				GCC_WARN_UNUSED_VARIABLE = YES;
				MACOSX_DEPLOYMENT_TARGET = 10.15;
				MTL_ENABLE_DEBUG_INFO = NO;
				MTL_FAST_MATH = YES;
				SDKROOT = macosx;
			};
			name = Release;
		};
		D1C54BD1244AEAB000ADDE88 /* Debug */ = {
			isa = XCBuildConfiguration;
			buildSettings = {
				CODE_SIGN_STYLE = Automatic;
				PRODUCT_NAME = "$(TARGET_NAME)";
			};
			name = Debug;
		};
		D1C54BD2244AEAB000ADDE88 /* Release */ = {
			isa = XCBuildConfiguration;
			buildSettings = {
				CODE_SIGN_STYLE = Automatic;
				PRODUCT_NAME = "$(TARGET_NAME)";
			};
			name = Release;
		};
/* End XCBuildConfiguration section */

/* Begin XCConfigurationList section */
		D1C54BC4244AEAB000ADDE88 /* Build configuration list for PBXProject "ShildtBook" */ = {
			isa = XCConfigurationList;
			buildConfigurations = (
				D1C54BCE244AEAB000ADDE88 /* Debug */,
				D1C54BCF244AEAB000ADDE88 /* Release */,
			);
			defaultConfigurationIsVisible = 0;
			defaultConfigurationName = Release;
		};
		D1C54BD0244AEAB000ADDE88 /* Build configuration list for PBXNativeTarget "ShildtBook" */ = {
			isa = XCConfigurationList;
			buildConfigurations = (
				D1C54BD1244AEAB000ADDE88 /* Debug */,
				D1C54BD2244AEAB000ADDE88 /* Release */,
			);
			defaultConfigurationIsVisible = 0;
			defaultConfigurationName = Release;
		};
/* End XCConfigurationList section */
	};
	rootObject = D1C54BC1244AEAB000ADDE88 /* Project object */;
}
